// !$*UTF8*$!
{
	archiveVersion = 1;
	classes = {
	};
	objectVersion = 46;
	objects = {

/* Begin PBXBuildFile section */
		170C34301D6D972E00987817 /* JFMineviewController.m in Sources */ = {isa = PBXBuildFile; fileRef = 170C342F1D6D972E00987817 /* JFMineviewController.m */; };
		170F31521CA44A44002A9A63 /* main.m in Sources */ = {isa = PBXBuildFile; fileRef = 170F31511CA44A44002A9A63 /* main.m */; };
		170F31551CA44A44002A9A63 /* AppDelegate.m in Sources */ = {isa = PBXBuildFile; fileRef = 170F31541CA44A44002A9A63 /* AppDelegate.m */; };
		170F31581CA44A44002A9A63 /* ViewController.m in Sources */ = {isa = PBXBuildFile; fileRef = 170F31571CA44A44002A9A63 /* ViewController.m */; };
		170F315B1CA44A44002A9A63 /* Main.storyboard in Resources */ = {isa = PBXBuildFile; fileRef = 170F31591CA44A44002A9A63 /* Main.storyboard */; };
		170F315D1CA44A44002A9A63 /* Assets.xcassets in Resources */ = {isa = PBXBuildFile; fileRef = 170F315C1CA44A44002A9A63 /* Assets.xcassets */; };
		170F31601CA44A44002A9A63 /* LaunchScreen.storyboard in Resources */ = {isa = PBXBuildFile; fileRef = 170F315E1CA44A44002A9A63 /* LaunchScreen.storyboard */; };
		170F316B1CA44A44002A9A63 /* testTests.m in Sources */ = {isa = PBXBuildFile; fileRef = 170F316A1CA44A44002A9A63 /* testTests.m */; };
		170F31761CA44A44002A9A63 /* testUITests.m in Sources */ = {isa = PBXBuildFile; fileRef = 170F31751CA44A44002A9A63 /* testUITests.m */; };
		173425341D4604BB00EE035D /* JFCycleView.m in Sources */ = {isa = PBXBuildFile; fileRef = 173425331D4604BB00EE035D /* JFCycleView.m */; };
		173425371D4608E100EE035D /* JFMainViewController.m in Sources */ = {isa = PBXBuildFile; fileRef = 173425361D4608E100EE035D /* JFMainViewController.m */; };
		178361651E7F84C000CF5BDF /* JFExchangeBoundButton.m in Sources */ = {isa = PBXBuildFile; fileRef = 178361641E7F84C000CF5BDF /* JFExchangeBoundButton.m */; };
		178361691E7FC33200CF5BDF /* JFCABaseAnimationViewController.m in Sources */ = {isa = PBXBuildFile; fileRef = 178361681E7FC33200CF5BDF /* JFCABaseAnimationViewController.m */; };
		1783616E1E7FC87000CF5BDF /* JFCAKeyframeAnimationViewController.m in Sources */ = {isa = PBXBuildFile; fileRef = 1783616D1E7FC87000CF5BDF /* JFCAKeyframeAnimationViewController.m */; };
		178846911CA7EBC200FED0BA /* JFTableViewController.m in Sources */ = {isa = PBXBuildFile; fileRef = 178846901CA7EBC200FED0BA /* JFTableViewController.m */; };
		178846941CA7EC0500FED0BA /* JFTableViewCell.m in Sources */ = {isa = PBXBuildFile; fileRef = 178846931CA7EC0500FED0BA /* JFTableViewCell.m */; };
		17A544D81E67FE4C00995CF2 /* NSString+Extension.m in Sources */ = {isa = PBXBuildFile; fileRef = 17A544D71E67FE4C00995CF2 /* NSString+Extension.m */; };
		17A544DB1E67FE6600995CF2 /* UIColor+Extension.m in Sources */ = {isa = PBXBuildFile; fileRef = 17A544DA1E67FE6600995CF2 /* UIColor+Extension.m */; };
		17A544E31E67FEFE00995CF2 /* UIView+AEBHandyAutoLayout.m in Sources */ = {isa = PBXBuildFile; fileRef = 17A544DE1E67FEFE00995CF2 /* UIView+AEBHandyAutoLayout.m */; };
		17A544E41E67FEFE00995CF2 /* UIView+BlockGesture.m in Sources */ = {isa = PBXBuildFile; fileRef = 17A544E01E67FEFE00995CF2 /* UIView+BlockGesture.m */; };
		17A544E51E67FEFE00995CF2 /* UIView+LayoutMethods.m in Sources */ = {isa = PBXBuildFile; fileRef = 17A544E21E67FEFE00995CF2 /* UIView+LayoutMethods.m */; };
		17A544E81E68059200995CF2 /* UILabel+Common.m in Sources */ = {isa = PBXBuildFile; fileRef = 17A544E71E68059200995CF2 /* UILabel+Common.m */; };
		17A544EC1E6805B000995CF2 /* UITableView+CellLine.m in Sources */ = {isa = PBXBuildFile; fileRef = 17A544EB1E6805B000995CF2 /* UITableView+CellLine.m */; };
		17A544F01E6805DB00995CF2 /* UIImageView+Barcode.m in Sources */ = {isa = PBXBuildFile; fileRef = 17A544EF1E6805DB00995CF2 /* UIImageView+Barcode.m */; };
		17A544F31E6805F900995CF2 /* UIImage+Common.m in Sources */ = {isa = PBXBuildFile; fileRef = 17A544F21E6805F900995CF2 /* UIImage+Common.m */; };
		17A544F61E68065A00995CF2 /* UIColor+HEX.m in Sources */ = {isa = PBXBuildFile; fileRef = 17A544F51E68065A00995CF2 /* UIColor+HEX.m */; };
		17A544FD1E6806BA00995CF2 /* UIButton+Common.m in Sources */ = {isa = PBXBuildFile; fileRef = 17A544FA1E6806BA00995CF2 /* UIButton+Common.m */; };
		17A544FE1E6806BA00995CF2 /* UIButton+countDown.m in Sources */ = {isa = PBXBuildFile; fileRef = 17A544FC1E6806BA00995CF2 /* UIButton+countDown.m */; };
		17A545011E6806C300995CF2 /* NSDate+Time.m in Sources */ = {isa = PBXBuildFile; fileRef = 17A545001E6806C300995CF2 /* NSDate+Time.m */; };
		17A545041E6806E900995CF2 /* UILabel+SPUtils.m in Sources */ = {isa = PBXBuildFile; fileRef = 17A545031E6806E900995CF2 /* UILabel+SPUtils.m */; };
		17A5450E1E68072600995CF2 /* SPTextField.m in Sources */ = {isa = PBXBuildFile; fileRef = 17A5450D1E68072600995CF2 /* SPTextField.m */; };
		17A545111E68073A00995CF2 /* UIButton+SPBadge.m in Sources */ = {isa = PBXBuildFile; fileRef = 17A545101E68073A00995CF2 /* UIButton+SPBadge.m */; };
		17A545141E68074400995CF2 /* UIColor+SPHex.m in Sources */ = {isa = PBXBuildFile; fileRef = 17A545131E68074300995CF2 /* UIColor+SPHex.m */; };
		17A545191E68075500995CF2 /* UIImage+SPScale.m in Sources */ = {isa = PBXBuildFile; fileRef = 17A545161E68075500995CF2 /* UIImage+SPScale.m */; };
		17A5451A1E68075500995CF2 /* UIImage+Url.m in Sources */ = {isa = PBXBuildFile; fileRef = 17A545181E68075500995CF2 /* UIImage+Url.m */; };
		17A5454E1E69677D00995CF2 /* JFReactiveCocoaViewController.m in Sources */ = {isa = PBXBuildFile; fileRef = 17A5454D1E69677D00995CF2 /* JFReactiveCocoaViewController.m */; };
		17C413691DB782F000188556 /* TAAbstractDotView.m in Sources */ = {isa = PBXBuildFile; fileRef = 17C4135C1DB782F000188556 /* TAAbstractDotView.m */; };
		17C4136A1DB782F000188556 /* TAAnimatedDotView.m in Sources */ = {isa = PBXBuildFile; fileRef = 17C4135E1DB782F000188556 /* TAAnimatedDotView.m */; };
		17C4136B1DB782F000188556 /* TADotView.m in Sources */ = {isa = PBXBuildFile; fileRef = 17C413601DB782F000188556 /* TADotView.m */; };
		17C4136C1DB782F000188556 /* TAPageControl.m in Sources */ = {isa = PBXBuildFile; fileRef = 17C413621DB782F000188556 /* TAPageControl.m */; };
		17C4136D1DB782F000188556 /* SDCollectionViewCell.m in Sources */ = {isa = PBXBuildFile; fileRef = 17C413641DB782F000188556 /* SDCollectionViewCell.m */; };
		17C4136E1DB782F000188556 /* SDCycleScrollView.m in Sources */ = {isa = PBXBuildFile; fileRef = 17C413661DB782F000188556 /* SDCycleScrollView.m */; };
		17C4136F1DB782F000188556 /* UIView+SDExtension.m in Sources */ = {isa = PBXBuildFile; fileRef = 17C413681DB782F000188556 /* UIView+SDExtension.m */; };
		17C413721DB783D900188556 /* JFSDCycleViewController.m in Sources */ = {isa = PBXBuildFile; fileRef = 17C413711DB783D900188556 /* JFSDCycleViewController.m */; };
		17DFD9CE1E6E5313003FE611 /* JFRounderCornerViewController.m in Sources */ = {isa = PBXBuildFile; fileRef = 17DFD9CD1E6E5313003FE611 /* JFRounderCornerViewController.m */; };
		17DFD9D21E6E53FD003FE611 /* JFNavigationViewController.m in Sources */ = {isa = PBXBuildFile; fileRef = 17DFD9D11E6E53FD003FE611 /* JFNavigationViewController.m */; };
		17DFD9D51E6E5B0B003FE611 /* JFTabBarViewController.m in Sources */ = {isa = PBXBuildFile; fileRef = 17DFD9D41E6E5B0B003FE611 /* JFTabBarViewController.m */; };
		17DFD9D91E700221003FE611 /* JFCoreAnimationViewController.m in Sources */ = {isa = PBXBuildFile; fileRef = 17DFD9D81E700221003FE611 /* JFCoreAnimationViewController.m */; };
		17DFD9DD1E70F1A3003FE611 /* JFFontViewController.m in Sources */ = {isa = PBXBuildFile; fileRef = 17DFD9DC1E70F1A3003FE611 /* JFFontViewController.m */; };
		17DFD9E11E710432003FE611 /* JFArchiveViewController.m in Sources */ = {isa = PBXBuildFile; fileRef = 17DFD9E01E710432003FE611 /* JFArchiveViewController.m */; };
		17DFD9E71E710633003FE611 /* JFArchiveSon.m in Sources */ = {isa = PBXBuildFile; fileRef = 17DFD9E61E710633003FE611 /* JFArchiveSon.m */; };
		17DFD9EA1E7106EF003FE611 /* JFArchiveFather.m in Sources */ = {isa = PBXBuildFile; fileRef = 17DFD9E91E7106EF003FE611 /* JFArchiveFather.m */; };
		17DFDA0E1E77F16E003FE611 /* UIView+JFCorner.m in Sources */ = {isa = PBXBuildFile; fileRef = 17DFDA0D1E77F16E003FE611 /* UIView+JFCorner.m */; };
		17DFDA111E77F34C003FE611 /* qq.jpg in Resources */ = {isa = PBXBuildFile; fileRef = 17DFDA101E77F34C003FE611 /* qq.jpg */; };
		17DFDA141E77F3D1003FE611 /* UIImage+JFCorner.m in Sources */ = {isa = PBXBuildFile; fileRef = 17DFDA131E77F3D1003FE611 /* UIImage+JFCorner.m */; };
		17DFDA171E77FABA003FE611 /* JFCornerView.m in Sources */ = {isa = PBXBuildFile; fileRef = 17DFDA161E77FABA003FE611 /* JFCornerView.m */; };
		65680077FC38BACE1E97E662 /* libPods-test.a in Frameworks */ = {isa = PBXBuildFile; fileRef = E732AEDE8E04EF846BCD4795 /* libPods-test.a */; };
/* End PBXBuildFile section */

/* Begin PBXContainerItemProxy section */
		170F31671CA44A44002A9A63 /* PBXContainerItemProxy */ = {
			isa = PBXContainerItemProxy;
			containerPortal = 170F31451CA44A44002A9A63 /* Project object */;
			proxyType = 1;
			remoteGlobalIDString = 170F314C1CA44A44002A9A63;
			remoteInfo = test;
		};
		170F31721CA44A44002A9A63 /* PBXContainerItemProxy */ = {
			isa = PBXContainerItemProxy;
			containerPortal = 170F31451CA44A44002A9A63 /* Project object */;
			proxyType = 1;
			remoteGlobalIDString = 170F314C1CA44A44002A9A63;
			remoteInfo = test;
		};
/* End PBXContainerItemProxy section */

/* Begin PBXFileReference section */
		170C342E1D6D972E00987817 /* JFMineviewController.h */ = {isa = PBXFileReference; fileEncoding = 4; lastKnownFileType = sourcecode.c.h; path = JFMineviewController.h; sourceTree = "<group>"; };
		170C342F1D6D972E00987817 /* JFMineviewController.m */ = {isa = PBXFileReference; fileEncoding = 4; lastKnownFileType = sourcecode.c.objc; path = JFMineviewController.m; sourceTree = "<group>"; };
		170F314D1CA44A44002A9A63 /* test.app */ = {isa = PBXFileReference; explicitFileType = wrapper.application; includeInIndex = 0; path = test.app; sourceTree = BUILT_PRODUCTS_DIR; };
		170F31511CA44A44002A9A63 /* main.m */ = {isa = PBXFileReference; lastKnownFileType = sourcecode.c.objc; path = main.m; sourceTree = "<group>"; };
		170F31531CA44A44002A9A63 /* AppDelegate.h */ = {isa = PBXFileReference; lastKnownFileType = sourcecode.c.h; path = AppDelegate.h; sourceTree = "<group>"; };
		170F31541CA44A44002A9A63 /* AppDelegate.m */ = {isa = PBXFileReference; lastKnownFileType = sourcecode.c.objc; path = AppDelegate.m; sourceTree = "<group>"; };
		170F31561CA44A44002A9A63 /* ViewController.h */ = {isa = PBXFileReference; lastKnownFileType = sourcecode.c.h; path = ViewController.h; sourceTree = "<group>"; };
		170F31571CA44A44002A9A63 /* ViewController.m */ = {isa = PBXFileReference; lastKnownFileType = sourcecode.c.objc; path = ViewController.m; sourceTree = "<group>"; };
		170F315A1CA44A44002A9A63 /* Base */ = {isa = PBXFileReference; lastKnownFileType = file.storyboard; name = Base; path = Base.lproj/Main.storyboard; sourceTree = "<group>"; };
		170F315C1CA44A44002A9A63 /* Assets.xcassets */ = {isa = PBXFileReference; lastKnownFileType = folder.assetcatalog; path = Assets.xcassets; sourceTree = "<group>"; };
		170F315F1CA44A44002A9A63 /* Base */ = {isa = PBXFileReference; lastKnownFileType = file.storyboard; name = Base; path = Base.lproj/LaunchScreen.storyboard; sourceTree = "<group>"; };
		170F31611CA44A44002A9A63 /* Info.plist */ = {isa = PBXFileReference; lastKnownFileType = text.plist.xml; path = Info.plist; sourceTree = "<group>"; };
		170F31661CA44A44002A9A63 /* testTests.xctest */ = {isa = PBXFileReference; explicitFileType = wrapper.cfbundle; includeInIndex = 0; path = testTests.xctest; sourceTree = BUILT_PRODUCTS_DIR; };
		170F316A1CA44A44002A9A63 /* testTests.m */ = {isa = PBXFileReference; lastKnownFileType = sourcecode.c.objc; path = testTests.m; sourceTree = "<group>"; };
		170F316C1CA44A44002A9A63 /* Info.plist */ = {isa = PBXFileReference; lastKnownFileType = text.plist.xml; path = Info.plist; sourceTree = "<group>"; };
		170F31711CA44A44002A9A63 /* testUITests.xctest */ = {isa = PBXFileReference; explicitFileType = wrapper.cfbundle; includeInIndex = 0; path = testUITests.xctest; sourceTree = BUILT_PRODUCTS_DIR; };
		170F31751CA44A44002A9A63 /* testUITests.m */ = {isa = PBXFileReference; lastKnownFileType = sourcecode.c.objc; path = testUITests.m; sourceTree = "<group>"; };
		170F31771CA44A44002A9A63 /* Info.plist */ = {isa = PBXFileReference; lastKnownFileType = text.plist.xml; path = Info.plist; sourceTree = "<group>"; };
		173425321D4604BB00EE035D /* JFCycleView.h */ = {isa = PBXFileReference; fileEncoding = 4; lastKnownFileType = sourcecode.c.h; path = JFCycleView.h; sourceTree = "<group>"; };
		173425331D4604BB00EE035D /* JFCycleView.m */ = {isa = PBXFileReference; fileEncoding = 4; lastKnownFileType = sourcecode.c.objc; path = JFCycleView.m; sourceTree = "<group>"; };
		173425351D4608E100EE035D /* JFMainViewController.h */ = {isa = PBXFileReference; fileEncoding = 4; lastKnownFileType = sourcecode.c.h; path = JFMainViewController.h; sourceTree = "<group>"; };
		173425361D4608E100EE035D /* JFMainViewController.m */ = {isa = PBXFileReference; fileEncoding = 4; lastKnownFileType = sourcecode.c.objc; path = JFMainViewController.m; sourceTree = "<group>"; };
		178361631E7F84C000CF5BDF /* JFExchangeBoundButton.h */ = {isa = PBXFileReference; fileEncoding = 4; lastKnownFileType = sourcecode.c.h; path = JFExchangeBoundButton.h; sourceTree = "<group>"; };
		178361641E7F84C000CF5BDF /* JFExchangeBoundButton.m */ = {isa = PBXFileReference; fileEncoding = 4; lastKnownFileType = sourcecode.c.objc; path = JFExchangeBoundButton.m; sourceTree = "<group>"; };
		178361671E7FC33200CF5BDF /* JFCABaseAnimationViewController.h */ = {isa = PBXFileReference; fileEncoding = 4; lastKnownFileType = sourcecode.c.h; path = JFCABaseAnimationViewController.h; sourceTree = "<group>"; };
		178361681E7FC33200CF5BDF /* JFCABaseAnimationViewController.m */ = {isa = PBXFileReference; fileEncoding = 4; lastKnownFileType = sourcecode.c.objc; path = JFCABaseAnimationViewController.m; sourceTree = "<group>"; };
		1783616A1E7FC4CB00CF5BDF /* JFMacroHeader.h */ = {isa = PBXFileReference; lastKnownFileType = sourcecode.c.h; name = JFMacroHeader.h; path = test/Sections/MineView/CoreAnimation/CABasicAnimation/JFMacroHeader.h; sourceTree = SOURCE_ROOT; };
		1783616C1E7FC87000CF5BDF /* JFCAKeyframeAnimationViewController.h */ = {isa = PBXFileReference; fileEncoding = 4; lastKnownFileType = sourcecode.c.h; path = JFCAKeyframeAnimationViewController.h; sourceTree = "<group>"; };
		1783616D1E7FC87000CF5BDF /* JFCAKeyframeAnimationViewController.m */ = {isa = PBXFileReference; fileEncoding = 4; lastKnownFileType = sourcecode.c.objc; path = JFCAKeyframeAnimationViewController.m; sourceTree = "<group>"; };
		1788468F1CA7EBC200FED0BA /* JFTableViewController.h */ = {isa = PBXFileReference; fileEncoding = 4; lastKnownFileType = sourcecode.c.h; name = JFTableViewController.h; path = ../../JFTableViewController.h; sourceTree = "<group>"; };
		178846901CA7EBC200FED0BA /* JFTableViewController.m */ = {isa = PBXFileReference; fileEncoding = 4; lastKnownFileType = sourcecode.c.objc; name = JFTableViewController.m; path = ../../JFTableViewController.m; sourceTree = "<group>"; };
		178846921CA7EC0500FED0BA /* JFTableViewCell.h */ = {isa = PBXFileReference; fileEncoding = 4; lastKnownFileType = sourcecode.c.h; path = JFTableViewCell.h; sourceTree = "<group>"; };
		178846931CA7EC0500FED0BA /* JFTableViewCell.m */ = {isa = PBXFileReference; fileEncoding = 4; lastKnownFileType = sourcecode.c.objc; path = JFTableViewCell.m; sourceTree = "<group>"; };
		17A544D61E67FE4C00995CF2 /* NSString+Extension.h */ = {isa = PBXFileReference; fileEncoding = 4; lastKnownFileType = sourcecode.c.h; path = "NSString+Extension.h"; sourceTree = "<group>"; };
		17A544D71E67FE4C00995CF2 /* NSString+Extension.m */ = {isa = PBXFileReference; fileEncoding = 4; lastKnownFileType = sourcecode.c.objc; path = "NSString+Extension.m"; sourceTree = "<group>"; };
		17A544D91E67FE6600995CF2 /* UIColor+Extension.h */ = {isa = PBXFileReference; fileEncoding = 4; lastKnownFileType = sourcecode.c.h; path = "UIColor+Extension.h"; sourceTree = "<group>"; };
		17A544DA1E67FE6600995CF2 /* UIColor+Extension.m */ = {isa = PBXFileReference; fileEncoding = 4; lastKnownFileType = sourcecode.c.objc; path = "UIColor+Extension.m"; sourceTree = "<group>"; };
		17A544DD1E67FEFE00995CF2 /* UIView+AEBHandyAutoLayout.h */ = {isa = PBXFileReference; fileEncoding = 4; lastKnownFileType = sourcecode.c.h; path = "UIView+AEBHandyAutoLayout.h"; sourceTree = "<group>"; };
		17A544DE1E67FEFE00995CF2 /* UIView+AEBHandyAutoLayout.m */ = {isa = PBXFileReference; fileEncoding = 4; lastKnownFileType = sourcecode.c.objc; path = "UIView+AEBHandyAutoLayout.m"; sourceTree = "<group>"; };
		17A544DF1E67FEFE00995CF2 /* UIView+BlockGesture.h */ = {isa = PBXFileReference; fileEncoding = 4; lastKnownFileType = sourcecode.c.h; path = "UIView+BlockGesture.h"; sourceTree = "<group>"; };
		17A544E01E67FEFE00995CF2 /* UIView+BlockGesture.m */ = {isa = PBXFileReference; fileEncoding = 4; lastKnownFileType = sourcecode.c.objc; path = "UIView+BlockGesture.m"; sourceTree = "<group>"; };
		17A544E11E67FEFE00995CF2 /* UIView+LayoutMethods.h */ = {isa = PBXFileReference; fileEncoding = 4; lastKnownFileType = sourcecode.c.h; path = "UIView+LayoutMethods.h"; sourceTree = "<group>"; };
		17A544E21E67FEFE00995CF2 /* UIView+LayoutMethods.m */ = {isa = PBXFileReference; fileEncoding = 4; lastKnownFileType = sourcecode.c.objc; path = "UIView+LayoutMethods.m"; sourceTree = "<group>"; };
		17A544E61E68059200995CF2 /* UILabel+Common.h */ = {isa = PBXFileReference; fileEncoding = 4; lastKnownFileType = sourcecode.c.h; path = "UILabel+Common.h"; sourceTree = "<group>"; };
		17A544E71E68059200995CF2 /* UILabel+Common.m */ = {isa = PBXFileReference; fileEncoding = 4; lastKnownFileType = sourcecode.c.objc; path = "UILabel+Common.m"; sourceTree = "<group>"; };
		17A544EA1E6805B000995CF2 /* UITableView+CellLine.h */ = {isa = PBXFileReference; fileEncoding = 4; lastKnownFileType = sourcecode.c.h; path = "UITableView+CellLine.h"; sourceTree = "<group>"; };
		17A544EB1E6805B000995CF2 /* UITableView+CellLine.m */ = {isa = PBXFileReference; fileEncoding = 4; lastKnownFileType = sourcecode.c.objc; path = "UITableView+CellLine.m"; sourceTree = "<group>"; };
		17A544EE1E6805DB00995CF2 /* UIImageView+Barcode.h */ = {isa = PBXFileReference; fileEncoding = 4; lastKnownFileType = sourcecode.c.h; path = "UIImageView+Barcode.h"; sourceTree = "<group>"; };
		17A544EF1E6805DB00995CF2 /* UIImageView+Barcode.m */ = {isa = PBXFileReference; fileEncoding = 4; lastKnownFileType = sourcecode.c.objc; path = "UIImageView+Barcode.m"; sourceTree = "<group>"; };
		17A544F11E6805F900995CF2 /* UIImage+Common.h */ = {isa = PBXFileReference; fileEncoding = 4; lastKnownFileType = sourcecode.c.h; path = "UIImage+Common.h"; sourceTree = "<group>"; };
		17A544F21E6805F900995CF2 /* UIImage+Common.m */ = {isa = PBXFileReference; fileEncoding = 4; lastKnownFileType = sourcecode.c.objc; path = "UIImage+Common.m"; sourceTree = "<group>"; };
		17A544F41E68065A00995CF2 /* UIColor+HEX.h */ = {isa = PBXFileReference; fileEncoding = 4; lastKnownFileType = sourcecode.c.h; path = "UIColor+HEX.h"; sourceTree = "<group>"; };
		17A544F51E68065A00995CF2 /* UIColor+HEX.m */ = {isa = PBXFileReference; fileEncoding = 4; lastKnownFileType = sourcecode.c.objc; path = "UIColor+HEX.m"; sourceTree = "<group>"; };
		17A544F91E6806BA00995CF2 /* UIButton+Common.h */ = {isa = PBXFileReference; fileEncoding = 4; lastKnownFileType = sourcecode.c.h; path = "UIButton+Common.h"; sourceTree = "<group>"; };
		17A544FA1E6806BA00995CF2 /* UIButton+Common.m */ = {isa = PBXFileReference; fileEncoding = 4; lastKnownFileType = sourcecode.c.objc; path = "UIButton+Common.m"; sourceTree = "<group>"; };
		17A544FB1E6806BA00995CF2 /* UIButton+countDown.h */ = {isa = PBXFileReference; fileEncoding = 4; lastKnownFileType = sourcecode.c.h; path = "UIButton+countDown.h"; sourceTree = "<group>"; };
		17A544FC1E6806BA00995CF2 /* UIButton+countDown.m */ = {isa = PBXFileReference; fileEncoding = 4; lastKnownFileType = sourcecode.c.objc; path = "UIButton+countDown.m"; sourceTree = "<group>"; };
		17A544FF1E6806C300995CF2 /* NSDate+Time.h */ = {isa = PBXFileReference; fileEncoding = 4; lastKnownFileType = sourcecode.c.h; path = "NSDate+Time.h"; sourceTree = "<group>"; };
		17A545001E6806C300995CF2 /* NSDate+Time.m */ = {isa = PBXFileReference; fileEncoding = 4; lastKnownFileType = sourcecode.c.objc; path = "NSDate+Time.m"; sourceTree = "<group>"; };
		17A545021E6806E900995CF2 /* UILabel+SPUtils.h */ = {isa = PBXFileReference; fileEncoding = 4; lastKnownFileType = sourcecode.c.h; path = "UILabel+SPUtils.h"; sourceTree = "<group>"; };
		17A545031E6806E900995CF2 /* UILabel+SPUtils.m */ = {isa = PBXFileReference; fileEncoding = 4; lastKnownFileType = sourcecode.c.objc; path = "UILabel+SPUtils.m"; sourceTree = "<group>"; };
		17A5450C1E68072600995CF2 /* SPTextField.h */ = {isa = PBXFileReference; fileEncoding = 4; lastKnownFileType = sourcecode.c.h; path = SPTextField.h; sourceTree = "<group>"; };
		17A5450D1E68072600995CF2 /* SPTextField.m */ = {isa = PBXFileReference; fileEncoding = 4; lastKnownFileType = sourcecode.c.objc; path = SPTextField.m; sourceTree = "<group>"; };
		17A5450F1E68073A00995CF2 /* UIButton+SPBadge.h */ = {isa = PBXFileReference; fileEncoding = 4; lastKnownFileType = sourcecode.c.h; path = "UIButton+SPBadge.h"; sourceTree = "<group>"; };
		17A545101E68073A00995CF2 /* UIButton+SPBadge.m */ = {isa = PBXFileReference; fileEncoding = 4; lastKnownFileType = sourcecode.c.objc; path = "UIButton+SPBadge.m"; sourceTree = "<group>"; };
		17A545121E68074300995CF2 /* UIColor+SPHex.h */ = {isa = PBXFileReference; fileEncoding = 4; lastKnownFileType = sourcecode.c.h; path = "UIColor+SPHex.h"; sourceTree = "<group>"; };
		17A545131E68074300995CF2 /* UIColor+SPHex.m */ = {isa = PBXFileReference; fileEncoding = 4; lastKnownFileType = sourcecode.c.objc; path = "UIColor+SPHex.m"; sourceTree = "<group>"; };
		17A545151E68075500995CF2 /* UIImage+SPScale.h */ = {isa = PBXFileReference; fileEncoding = 4; lastKnownFileType = sourcecode.c.h; path = "UIImage+SPScale.h"; sourceTree = "<group>"; };
		17A545161E68075500995CF2 /* UIImage+SPScale.m */ = {isa = PBXFileReference; fileEncoding = 4; lastKnownFileType = sourcecode.c.objc; path = "UIImage+SPScale.m"; sourceTree = "<group>"; };
		17A545171E68075500995CF2 /* UIImage+Url.h */ = {isa = PBXFileReference; fileEncoding = 4; lastKnownFileType = sourcecode.c.h; path = "UIImage+Url.h"; sourceTree = "<group>"; };
		17A545181E68075500995CF2 /* UIImage+Url.m */ = {isa = PBXFileReference; fileEncoding = 4; lastKnownFileType = sourcecode.c.objc; path = "UIImage+Url.m"; sourceTree = "<group>"; };
		17A5451C1E68089B00995CF2 /* JFCategoryHeader.h */ = {isa = PBXFileReference; lastKnownFileType = sourcecode.c.h; path = JFCategoryHeader.h; sourceTree = "<group>"; };
		17A5451D1E680D4500995CF2 /* PrefixHeader.pch */ = {isa = PBXFileReference; lastKnownFileType = sourcecode.c.h; path = PrefixHeader.pch; sourceTree = "<group>"; };
		17A5454C1E69677D00995CF2 /* JFReactiveCocoaViewController.h */ = {isa = PBXFileReference; fileEncoding = 4; lastKnownFileType = sourcecode.c.h; path = JFReactiveCocoaViewController.h; sourceTree = "<group>"; };
		17A5454D1E69677D00995CF2 /* JFReactiveCocoaViewController.m */ = {isa = PBXFileReference; fileEncoding = 4; lastKnownFileType = sourcecode.c.objc; path = JFReactiveCocoaViewController.m; sourceTree = "<group>"; };
		17C4135B1DB782F000188556 /* TAAbstractDotView.h */ = {isa = PBXFileReference; fileEncoding = 4; lastKnownFileType = sourcecode.c.h; path = TAAbstractDotView.h; sourceTree = "<group>"; };
		17C4135C1DB782F000188556 /* TAAbstractDotView.m */ = {isa = PBXFileReference; fileEncoding = 4; lastKnownFileType = sourcecode.c.objc; path = TAAbstractDotView.m; sourceTree = "<group>"; };
		17C4135D1DB782F000188556 /* TAAnimatedDotView.h */ = {isa = PBXFileReference; fileEncoding = 4; lastKnownFileType = sourcecode.c.h; path = TAAnimatedDotView.h; sourceTree = "<group>"; };
		17C4135E1DB782F000188556 /* TAAnimatedDotView.m */ = {isa = PBXFileReference; fileEncoding = 4; lastKnownFileType = sourcecode.c.objc; path = TAAnimatedDotView.m; sourceTree = "<group>"; };
		17C4135F1DB782F000188556 /* TADotView.h */ = {isa = PBXFileReference; fileEncoding = 4; lastKnownFileType = sourcecode.c.h; path = TADotView.h; sourceTree = "<group>"; };
		17C413601DB782F000188556 /* TADotView.m */ = {isa = PBXFileReference; fileEncoding = 4; lastKnownFileType = sourcecode.c.objc; path = TADotView.m; sourceTree = "<group>"; };
		17C413611DB782F000188556 /* TAPageControl.h */ = {isa = PBXFileReference; fileEncoding = 4; lastKnownFileType = sourcecode.c.h; path = TAPageControl.h; sourceTree = "<group>"; };
		17C413621DB782F000188556 /* TAPageControl.m */ = {isa = PBXFileReference; fileEncoding = 4; lastKnownFileType = sourcecode.c.objc; path = TAPageControl.m; sourceTree = "<group>"; };
		17C413631DB782F000188556 /* SDCollectionViewCell.h */ = {isa = PBXFileReference; fileEncoding = 4; lastKnownFileType = sourcecode.c.h; path = SDCollectionViewCell.h; sourceTree = "<group>"; };
		17C413641DB782F000188556 /* SDCollectionViewCell.m */ = {isa = PBXFileReference; fileEncoding = 4; lastKnownFileType = sourcecode.c.objc; path = SDCollectionViewCell.m; sourceTree = "<group>"; };
		17C413651DB782F000188556 /* SDCycleScrollView.h */ = {isa = PBXFileReference; fileEncoding = 4; lastKnownFileType = sourcecode.c.h; path = SDCycleScrollView.h; sourceTree = "<group>"; };
		17C413661DB782F000188556 /* SDCycleScrollView.m */ = {isa = PBXFileReference; fileEncoding = 4; lastKnownFileType = sourcecode.c.objc; path = SDCycleScrollView.m; sourceTree = "<group>"; };
		17C413671DB782F000188556 /* UIView+SDExtension.h */ = {isa = PBXFileReference; fileEncoding = 4; lastKnownFileType = sourcecode.c.h; path = "UIView+SDExtension.h"; sourceTree = "<group>"; };
		17C413681DB782F000188556 /* UIView+SDExtension.m */ = {isa = PBXFileReference; fileEncoding = 4; lastKnownFileType = sourcecode.c.objc; path = "UIView+SDExtension.m"; sourceTree = "<group>"; };
		17C413701DB783D900188556 /* JFSDCycleViewController.h */ = {isa = PBXFileReference; fileEncoding = 4; lastKnownFileType = sourcecode.c.h; path = JFSDCycleViewController.h; sourceTree = "<group>"; };
		17C413711DB783D900188556 /* JFSDCycleViewController.m */ = {isa = PBXFileReference; fileEncoding = 4; lastKnownFileType = sourcecode.c.objc; path = JFSDCycleViewController.m; sourceTree = "<group>"; };
		17DFD9CC1E6E5313003FE611 /* JFRounderCornerViewController.h */ = {isa = PBXFileReference; fileEncoding = 4; lastKnownFileType = sourcecode.c.h; path = JFRounderCornerViewController.h; sourceTree = "<group>"; };
		17DFD9CD1E6E5313003FE611 /* JFRounderCornerViewController.m */ = {isa = PBXFileReference; fileEncoding = 4; lastKnownFileType = sourcecode.c.objc; path = JFRounderCornerViewController.m; sourceTree = "<group>"; };
		17DFD9D01E6E53FD003FE611 /* JFNavigationViewController.h */ = {isa = PBXFileReference; fileEncoding = 4; lastKnownFileType = sourcecode.c.h; path = JFNavigationViewController.h; sourceTree = "<group>"; };
		17DFD9D11E6E53FD003FE611 /* JFNavigationViewController.m */ = {isa = PBXFileReference; fileEncoding = 4; lastKnownFileType = sourcecode.c.objc; path = JFNavigationViewController.m; sourceTree = "<group>"; };
		17DFD9D31E6E5B0B003FE611 /* JFTabBarViewController.h */ = {isa = PBXFileReference; fileEncoding = 4; lastKnownFileType = sourcecode.c.h; path = JFTabBarViewController.h; sourceTree = "<group>"; };
		17DFD9D41E6E5B0B003FE611 /* JFTabBarViewController.m */ = {isa = PBXFileReference; fileEncoding = 4; lastKnownFileType = sourcecode.c.objc; path = JFTabBarViewController.m; sourceTree = "<group>"; };
		17DFD9D71E700221003FE611 /* JFCoreAnimationViewController.h */ = {isa = PBXFileReference; fileEncoding = 4; lastKnownFileType = sourcecode.c.h; path = JFCoreAnimationViewController.h; sourceTree = "<group>"; };
		17DFD9D81E700221003FE611 /* JFCoreAnimationViewController.m */ = {isa = PBXFileReference; fileEncoding = 4; lastKnownFileType = sourcecode.c.objc; path = JFCoreAnimationViewController.m; sourceTree = "<group>"; };
		17DFD9DB1E70F1A3003FE611 /* JFFontViewController.h */ = {isa = PBXFileReference; fileEncoding = 4; lastKnownFileType = sourcecode.c.h; path = JFFontViewController.h; sourceTree = "<group>"; };
		17DFD9DC1E70F1A3003FE611 /* JFFontViewController.m */ = {isa = PBXFileReference; fileEncoding = 4; lastKnownFileType = sourcecode.c.objc; path = JFFontViewController.m; sourceTree = "<group>"; };
		17DFD9DF1E710432003FE611 /* JFArchiveViewController.h */ = {isa = PBXFileReference; fileEncoding = 4; lastKnownFileType = sourcecode.c.h; path = JFArchiveViewController.h; sourceTree = "<group>"; };
		17DFD9E01E710432003FE611 /* JFArchiveViewController.m */ = {isa = PBXFileReference; fileEncoding = 4; lastKnownFileType = sourcecode.c.objc; path = JFArchiveViewController.m; sourceTree = "<group>"; };
		17DFD9E51E710633003FE611 /* JFArchiveSon.h */ = {isa = PBXFileReference; fileEncoding = 4; lastKnownFileType = sourcecode.c.h; path = JFArchiveSon.h; sourceTree = "<group>"; };
		17DFD9E61E710633003FE611 /* JFArchiveSon.m */ = {isa = PBXFileReference; fileEncoding = 4; lastKnownFileType = sourcecode.c.objc; path = JFArchiveSon.m; sourceTree = "<group>"; };
		17DFD9E81E7106EF003FE611 /* JFArchiveFather.h */ = {isa = PBXFileReference; fileEncoding = 4; lastKnownFileType = sourcecode.c.h; path = JFArchiveFather.h; sourceTree = "<group>"; };
		17DFD9E91E7106EF003FE611 /* JFArchiveFather.m */ = {isa = PBXFileReference; fileEncoding = 4; lastKnownFileType = sourcecode.c.objc; path = JFArchiveFather.m; sourceTree = "<group>"; };
		17DFDA0C1E77F16E003FE611 /* UIView+JFCorner.h */ = {isa = PBXFileReference; fileEncoding = 4; lastKnownFileType = sourcecode.c.h; path = "UIView+JFCorner.h"; sourceTree = "<group>"; };
		17DFDA0D1E77F16E003FE611 /* UIView+JFCorner.m */ = {isa = PBXFileReference; fileEncoding = 4; lastKnownFileType = sourcecode.c.objc; path = "UIView+JFCorner.m"; sourceTree = "<group>"; };
		17DFDA101E77F34C003FE611 /* qq.jpg */ = {isa = PBXFileReference; lastKnownFileType = image.jpeg; path = qq.jpg; sourceTree = "<group>"; };
		17DFDA121E77F3D1003FE611 /* UIImage+JFCorner.h */ = {isa = PBXFileReference; fileEncoding = 4; lastKnownFileType = sourcecode.c.h; path = "UIImage+JFCorner.h"; sourceTree = "<group>"; };
		17DFDA131E77F3D1003FE611 /* UIImage+JFCorner.m */ = {isa = PBXFileReference; fileEncoding = 4; lastKnownFileType = sourcecode.c.objc; path = "UIImage+JFCorner.m"; sourceTree = "<group>"; };
		17DFDA151E77FABA003FE611 /* JFCornerView.h */ = {isa = PBXFileReference; fileEncoding = 4; lastKnownFileType = sourcecode.c.h; path = JFCornerView.h; sourceTree = "<group>"; };
		17DFDA161E77FABA003FE611 /* JFCornerView.m */ = {isa = PBXFileReference; fileEncoding = 4; lastKnownFileType = sourcecode.c.objc; path = JFCornerView.m; sourceTree = "<group>"; };
		59D77987FC605555EB81FB43 /* Pods-test.debug.xcconfig */ = {isa = PBXFileReference; includeInIndex = 1; lastKnownFileType = text.xcconfig; name = "Pods-test.debug.xcconfig"; path = "Pods/Target Support Files/Pods-test/Pods-test.debug.xcconfig"; sourceTree = "<group>"; };
		8370AE36D28B23832B881E54 /* Pods-test.release.xcconfig */ = {isa = PBXFileReference; includeInIndex = 1; lastKnownFileType = text.xcconfig; name = "Pods-test.release.xcconfig"; path = "Pods/Target Support Files/Pods-test/Pods-test.release.xcconfig"; sourceTree = "<group>"; };
		E732AEDE8E04EF846BCD4795 /* libPods-test.a */ = {isa = PBXFileReference; explicitFileType = archive.ar; includeInIndex = 0; path = "libPods-test.a"; sourceTree = BUILT_PRODUCTS_DIR; };
/* End PBXFileReference section */

/* Begin PBXFrameworksBuildPhase section */
		170F314A1CA44A44002A9A63 /* Frameworks */ = {
			isa = PBXFrameworksBuildPhase;
			buildActionMask = 2147483647;
			files = (
				65680077FC38BACE1E97E662 /* libPods-test.a in Frameworks */,
			);
			runOnlyForDeploymentPostprocessing = 0;
		};
		170F31631CA44A44002A9A63 /* Frameworks */ = {
			isa = PBXFrameworksBuildPhase;
			buildActionMask = 2147483647;
			files = (
			);
			runOnlyForDeploymentPostprocessing = 0;
		};
		170F316E1CA44A44002A9A63 /* Frameworks */ = {
			isa = PBXFrameworksBuildPhase;
			buildActionMask = 2147483647;
			files = (
			);
			runOnlyForDeploymentPostprocessing = 0;
		};
/* End PBXFrameworksBuildPhase section */

/* Begin PBXGroup section */
		170F31441CA44A44002A9A63 = {
			isa = PBXGroup;
			children = (
				170F314F1CA44A44002A9A63 /* test */,
				170F31691CA44A44002A9A63 /* testTests */,
				170F31741CA44A44002A9A63 /* testUITests */,
				170F314E1CA44A44002A9A63 /* Products */,
				2E7ACA662A52257823AF93D6 /* Pods */,
				C261A5642A928ADFC971A640 /* Frameworks */,
			);
			sourceTree = "<group>";
		};
		170F314E1CA44A44002A9A63 /* Products */ = {
			isa = PBXGroup;
			children = (
				170F314D1CA44A44002A9A63 /* test.app */,
				170F31661CA44A44002A9A63 /* testTests.xctest */,
				170F31711CA44A44002A9A63 /* testUITests.xctest */,
			);
			name = Products;
			sourceTree = "<group>";
		};
		170F314F1CA44A44002A9A63 /* test */ = {
			isa = PBXGroup;
			children = (
				17A544D11E67FDC200995CF2 /* Expand */,
				17A544D01E67FDAC00995CF2 /* Vendors */,
				1737FF1E1D436BEF00F8DAA9 /* General */,
				1737FF1F1D436BEF00F8DAA9 /* Helpers */,
				1737FF201D436BEF00F8DAA9 /* Macro */,
				1737FF211D436BEF00F8DAA9 /* Resources */,
				1737FF221D436BEF00F8DAA9 /* Sections */,
				1737FF1D1D436BD600F8DAA9 /* Vendor */,
				170F31531CA44A44002A9A63 /* AppDelegate.h */,
				170F31541CA44A44002A9A63 /* AppDelegate.m */,
				170F31561CA44A44002A9A63 /* ViewController.h */,
				170F31571CA44A44002A9A63 /* ViewController.m */,
				178846921CA7EC0500FED0BA /* JFTableViewCell.h */,
				178846931CA7EC0500FED0BA /* JFTableViewCell.m */,
				170F31591CA44A44002A9A63 /* Main.storyboard */,
				170F315C1CA44A44002A9A63 /* Assets.xcassets */,
				170F315E1CA44A44002A9A63 /* LaunchScreen.storyboard */,
				170F31611CA44A44002A9A63 /* Info.plist */,
				170F31501CA44A44002A9A63 /* Supporting Files */,
			);
			path = test;
			sourceTree = "<group>";
		};
		170F31501CA44A44002A9A63 /* Supporting Files */ = {
			isa = PBXGroup;
			children = (
				170F31511CA44A44002A9A63 /* main.m */,
				17A5451D1E680D4500995CF2 /* PrefixHeader.pch */,
			);
			name = "Supporting Files";
			sourceTree = "<group>";
		};
		170F31691CA44A44002A9A63 /* testTests */ = {
			isa = PBXGroup;
			children = (
				170F316A1CA44A44002A9A63 /* testTests.m */,
				170F316C1CA44A44002A9A63 /* Info.plist */,
			);
			path = testTests;
			sourceTree = "<group>";
		};
		170F31741CA44A44002A9A63 /* testUITests */ = {
			isa = PBXGroup;
			children = (
				170F31751CA44A44002A9A63 /* testUITests.m */,
				170F31771CA44A44002A9A63 /* Info.plist */,
			);
			path = testUITests;
			sourceTree = "<group>";
		};
		1737FF1D1D436BD600F8DAA9 /* Vendor */ = {
			isa = PBXGroup;
			children = (
			);
			path = Vendor;
			sourceTree = "<group>";
		};
		1737FF1E1D436BEF00F8DAA9 /* General */ = {
			isa = PBXGroup;
			children = (
				173425321D4604BB00EE035D /* JFCycleView.h */,
				173425331D4604BB00EE035D /* JFCycleView.m */,
			);
			path = General;
			sourceTree = "<group>";
		};
		1737FF1F1D436BEF00F8DAA9 /* Helpers */ = {
			isa = PBXGroup;
			children = (
			);
			path = Helpers;
			sourceTree = "<group>";
		};
		1737FF201D436BEF00F8DAA9 /* Macro */ = {
			isa = PBXGroup;
			children = (
				1783616A1E7FC4CB00CF5BDF /* JFMacroHeader.h */,
			);
			path = Macro;
			sourceTree = "<group>";
		};
		1737FF211D436BEF00F8DAA9 /* Resources */ = {
			isa = PBXGroup;
			children = (
				17DFDA0F1E77F343003FE611 /* Pictures */,
			);
			path = Resources;
			sourceTree = "<group>";
		};
		1737FF221D436BEF00F8DAA9 /* Sections */ = {
			isa = PBXGroup;
			children = (
				17DFD9CF1E6E53E0003FE611 /* BaseSystemSetting */,
				1737FF231D436BEF00F8DAA9 /* FourthView */,
				1737FF241D436BEF00F8DAA9 /* MainPage */,
				1737FF251D436BEF00F8DAA9 /* MineView */,
				1737FF261D436BEF00F8DAA9 /* SecondView */,
				1737FF281D436BEF00F8DAA9 /* ThirdView */,
			);
			path = Sections;
			sourceTree = "<group>";
		};
		1737FF231D436BEF00F8DAA9 /* FourthView */ = {
			isa = PBXGroup;
			children = (
			);
			path = FourthView;
			sourceTree = "<group>";
		};
		1737FF241D436BEF00F8DAA9 /* MainPage */ = {
			isa = PBXGroup;
			children = (
				1788468F1CA7EBC200FED0BA /* JFTableViewController.h */,
				178846901CA7EBC200FED0BA /* JFTableViewController.m */,
			);
			path = MainPage;
			sourceTree = "<group>";
		};
		1737FF251D436BEF00F8DAA9 /* MineView */ = {
			isa = PBXGroup;
			children = (
				17DFD9DE1E710427003FE611 /* Archive */,
				17DFD9DA1E70F198003FE611 /* FontFamily */,
				17DFD9D61E70020F003FE611 /* CoreAnimation */,
				17DFD9CA1E6E52ED003FE611 /* RounderCorner */,
				17A5454A1E69674600995CF2 /* ReactiveCocoa */,
				17C413571DB782C900188556 /* SDCycleCollectionView */,
				170C342E1D6D972E00987817 /* JFMineviewController.h */,
				170C342F1D6D972E00987817 /* JFMineviewController.m */,
			);
			path = MineView;
			sourceTree = "<group>";
		};
		1737FF261D436BEF00F8DAA9 /* SecondView */ = {
			isa = PBXGroup;
			children = (
				1737FF271D436BEF00F8DAA9 /* Model */,
				173425351D4608E100EE035D /* JFMainViewController.h */,
				173425361D4608E100EE035D /* JFMainViewController.m */,
			);
			path = SecondView;
			sourceTree = "<group>";
		};
		1737FF271D436BEF00F8DAA9 /* Model */ = {
			isa = PBXGroup;
			children = (
			);
			path = Model;
			sourceTree = "<group>";
		};
		1737FF281D436BEF00F8DAA9 /* ThirdView */ = {
			isa = PBXGroup;
			children = (
			);
			path = ThirdView;
			sourceTree = "<group>";
		};
		178361621E7F849400CF5BDF /* UIbutton */ = {
			isa = PBXGroup;
			children = (
				178361631E7F84C000CF5BDF /* JFExchangeBoundButton.h */,
				178361641E7F84C000CF5BDF /* JFExchangeBoundButton.m */,
			);
			path = UIbutton;
			sourceTree = "<group>";
		};
		178361661E7FC31100CF5BDF /* CABasicAnimation */ = {
			isa = PBXGroup;
			children = (
				178361671E7FC33200CF5BDF /* JFCABaseAnimationViewController.h */,
				178361681E7FC33200CF5BDF /* JFCABaseAnimationViewController.m */,
			);
			path = CABasicAnimation;
			sourceTree = "<group>";
		};
		1783616B1E7FC85B00CF5BDF /* CAKeyframeAnimation */ = {
			isa = PBXGroup;
			children = (
				1783616C1E7FC87000CF5BDF /* JFCAKeyframeAnimationViewController.h */,
				1783616D1E7FC87000CF5BDF /* JFCAKeyframeAnimationViewController.m */,
			);
			path = CAKeyframeAnimation;
			sourceTree = "<group>";
		};
		17A544D01E67FDAC00995CF2 /* Vendors */ = {
			isa = PBXGroup;
			children = (
				178361621E7F849400CF5BDF /* UIbutton */,
			);
			path = Vendors;
			sourceTree = "<group>";
		};
		17A544D11E67FDC200995CF2 /* Expand */ = {
			isa = PBXGroup;
			children = (
				17A5450B1E68071E00995CF2 /* TextField */,
				17A544F81E6806B100995CF2 /* UIButton */,
				17A544F71E68069D00995CF2 /* NSDate */,
				17A544ED1E6805D300995CF2 /* UIImageView */,
				17A544E91E6805A700995CF2 /* UITableViewCell */,
				17A544DC1E67FE7200995CF2 /* UIView */,
				17A544D51E67FDFE00995CF2 /* UIColour */,
				17A544D41E67FDE800995CF2 /* UILabel */,
				17A544D31E67FDDC00995CF2 /* UIImage */,
				17A544D21E67FDD000995CF2 /* Nsstring */,
				17A5451C1E68089B00995CF2 /* JFCategoryHeader.h */,
			);
			path = Expand;
			sourceTree = "<group>";
		};
		17A544D21E67FDD000995CF2 /* Nsstring */ = {
			isa = PBXGroup;
			children = (
				17A544D61E67FE4C00995CF2 /* NSString+Extension.h */,
				17A544D71E67FE4C00995CF2 /* NSString+Extension.m */,
			);
			path = Nsstring;
			sourceTree = "<group>";
		};
		17A544D31E67FDDC00995CF2 /* UIImage */ = {
			isa = PBXGroup;
			children = (
				17A545151E68075500995CF2 /* UIImage+SPScale.h */,
				17A545161E68075500995CF2 /* UIImage+SPScale.m */,
				17A545171E68075500995CF2 /* UIImage+Url.h */,
				17A545181E68075500995CF2 /* UIImage+Url.m */,
				17A544F11E6805F900995CF2 /* UIImage+Common.h */,
				17A544F21E6805F900995CF2 /* UIImage+Common.m */,
			);
			path = UIImage;
			sourceTree = "<group>";
		};
		17A544D41E67FDE800995CF2 /* UILabel */ = {
			isa = PBXGroup;
			children = (
				17A545021E6806E900995CF2 /* UILabel+SPUtils.h */,
				17A545031E6806E900995CF2 /* UILabel+SPUtils.m */,
				17A544E61E68059200995CF2 /* UILabel+Common.h */,
				17A544E71E68059200995CF2 /* UILabel+Common.m */,
			);
			path = UILabel;
			sourceTree = "<group>";
		};
		17A544D51E67FDFE00995CF2 /* UIColour */ = {
			isa = PBXGroup;
			children = (
				17A545121E68074300995CF2 /* UIColor+SPHex.h */,
				17A545131E68074300995CF2 /* UIColor+SPHex.m */,
				17A544D91E67FE6600995CF2 /* UIColor+Extension.h */,
				17A544DA1E67FE6600995CF2 /* UIColor+Extension.m */,
				17A544F41E68065A00995CF2 /* UIColor+HEX.h */,
				17A544F51E68065A00995CF2 /* UIColor+HEX.m */,
			);
			path = UIColour;
			sourceTree = "<group>";
		};
		17A544DC1E67FE7200995CF2 /* UIView */ = {
			isa = PBXGroup;
			children = (
				17A544DD1E67FEFE00995CF2 /* UIView+AEBHandyAutoLayout.h */,
				17A544DE1E67FEFE00995CF2 /* UIView+AEBHandyAutoLayout.m */,
				17A544DF1E67FEFE00995CF2 /* UIView+BlockGesture.h */,
				17A544E01E67FEFE00995CF2 /* UIView+BlockGesture.m */,
				17A544E11E67FEFE00995CF2 /* UIView+LayoutMethods.h */,
				17A544E21E67FEFE00995CF2 /* UIView+LayoutMethods.m */,
			);
			path = UIView;
			sourceTree = "<group>";
		};
		17A544E91E6805A700995CF2 /* UITableViewCell */ = {
			isa = PBXGroup;
			children = (
				17A544EA1E6805B000995CF2 /* UITableView+CellLine.h */,
				17A544EB1E6805B000995CF2 /* UITableView+CellLine.m */,
			);
			path = UITableViewCell;
			sourceTree = "<group>";
		};
		17A544ED1E6805D300995CF2 /* UIImageView */ = {
			isa = PBXGroup;
			children = (
				17A544EE1E6805DB00995CF2 /* UIImageView+Barcode.h */,
				17A544EF1E6805DB00995CF2 /* UIImageView+Barcode.m */,
			);
			path = UIImageView;
			sourceTree = "<group>";
		};
		17A544F71E68069D00995CF2 /* NSDate */ = {
			isa = PBXGroup;
			children = (
				17A544FF1E6806C300995CF2 /* NSDate+Time.h */,
				17A545001E6806C300995CF2 /* NSDate+Time.m */,
			);
			path = NSDate;
			sourceTree = "<group>";
		};
		17A544F81E6806B100995CF2 /* UIButton */ = {
			isa = PBXGroup;
			children = (
				17A5450F1E68073A00995CF2 /* UIButton+SPBadge.h */,
				17A545101E68073A00995CF2 /* UIButton+SPBadge.m */,
				17A544F91E6806BA00995CF2 /* UIButton+Common.h */,
				17A544FA1E6806BA00995CF2 /* UIButton+Common.m */,
				17A544FB1E6806BA00995CF2 /* UIButton+countDown.h */,
				17A544FC1E6806BA00995CF2 /* UIButton+countDown.m */,
			);
			path = UIButton;
			sourceTree = "<group>";
		};
		17A5450B1E68071E00995CF2 /* TextField */ = {
			isa = PBXGroup;
			children = (
				17A5450C1E68072600995CF2 /* SPTextField.h */,
				17A5450D1E68072600995CF2 /* SPTextField.m */,
			);
			path = TextField;
			sourceTree = "<group>";
		};
		17A5454A1E69674600995CF2 /* ReactiveCocoa */ = {
			isa = PBXGroup;
			children = (
				17A5454B1E69676100995CF2 /* Controller */,
			);
			path = ReactiveCocoa;
			sourceTree = "<group>";
		};
		17A5454B1E69676100995CF2 /* Controller */ = {
			isa = PBXGroup;
			children = (
				17A5454C1E69677D00995CF2 /* JFReactiveCocoaViewController.h */,
				17A5454D1E69677D00995CF2 /* JFReactiveCocoaViewController.m */,
			);
			path = Controller;
			sourceTree = "<group>";
		};
		17C413571DB782C900188556 /* SDCycleCollectionView */ = {
			isa = PBXGroup;
			children = (
				17C413581DB782D400188556 /* Vendor */,
				17C413701DB783D900188556 /* JFSDCycleViewController.h */,
				17C413711DB783D900188556 /* JFSDCycleViewController.m */,
			);
			path = SDCycleCollectionView;
			sourceTree = "<group>";
		};
		17C413581DB782D400188556 /* Vendor */ = {
			isa = PBXGroup;
			children = (
				17C413591DB782F000188556 /* SDCycleScrollView */,
			);
			path = Vendor;
			sourceTree = "<group>";
		};
		17C413591DB782F000188556 /* SDCycleScrollView */ = {
			isa = PBXGroup;
			children = (
				17C4135A1DB782F000188556 /* PageControl */,
				17C413631DB782F000188556 /* SDCollectionViewCell.h */,
				17C413641DB782F000188556 /* SDCollectionViewCell.m */,
				17C413651DB782F000188556 /* SDCycleScrollView.h */,
				17C413661DB782F000188556 /* SDCycleScrollView.m */,
				17C413671DB782F000188556 /* UIView+SDExtension.h */,
				17C413681DB782F000188556 /* UIView+SDExtension.m */,
			);
			path = SDCycleScrollView;
			sourceTree = "<group>";
		};
		17C4135A1DB782F000188556 /* PageControl */ = {
			isa = PBXGroup;
			children = (
				17C4135B1DB782F000188556 /* TAAbstractDotView.h */,
				17C4135C1DB782F000188556 /* TAAbstractDotView.m */,
				17C4135D1DB782F000188556 /* TAAnimatedDotView.h */,
				17C4135E1DB782F000188556 /* TAAnimatedDotView.m */,
				17C4135F1DB782F000188556 /* TADotView.h */,
				17C413601DB782F000188556 /* TADotView.m */,
				17C413611DB782F000188556 /* TAPageControl.h */,
				17C413621DB782F000188556 /* TAPageControl.m */,
			);
			path = PageControl;
			sourceTree = "<group>";
		};
		17DFD9CA1E6E52ED003FE611 /* RounderCorner */ = {
			isa = PBXGroup;
			children = (
				17DFD9CB1E6E530B003FE611 /* Controller */,
			);
			path = RounderCorner;
			sourceTree = "<group>";
		};
		17DFD9CB1E6E530B003FE611 /* Controller */ = {
			isa = PBXGroup;
			children = (
				17DFD9CC1E6E5313003FE611 /* JFRounderCornerViewController.h */,
				17DFD9CD1E6E5313003FE611 /* JFRounderCornerViewController.m */,
				17DFDA151E77FABA003FE611 /* JFCornerView.h */,
				17DFDA161E77FABA003FE611 /* JFCornerView.m */,
				17DFDA0C1E77F16E003FE611 /* UIView+JFCorner.h */,
				17DFDA0D1E77F16E003FE611 /* UIView+JFCorner.m */,
				17DFDA121E77F3D1003FE611 /* UIImage+JFCorner.h */,
				17DFDA131E77F3D1003FE611 /* UIImage+JFCorner.m */,
			);
			path = Controller;
			sourceTree = "<group>";
		};
		17DFD9CF1E6E53E0003FE611 /* BaseSystemSetting */ = {
			isa = PBXGroup;
			children = (
				17DFD9D01E6E53FD003FE611 /* JFNavigationViewController.h */,
				17DFD9D11E6E53FD003FE611 /* JFNavigationViewController.m */,
				17DFD9D31E6E5B0B003FE611 /* JFTabBarViewController.h */,
				17DFD9D41E6E5B0B003FE611 /* JFTabBarViewController.m */,
			);
			path = BaseSystemSetting;
			sourceTree = "<group>";
		};
		17DFD9D61E70020F003FE611 /* CoreAnimation */ = {
			isa = PBXGroup;
			children = (
				1783616B1E7FC85B00CF5BDF /* CAKeyframeAnimation */,
				178361661E7FC31100CF5BDF /* CABasicAnimation */,
				17DFD9D71E700221003FE611 /* JFCoreAnimationViewController.h */,
				17DFD9D81E700221003FE611 /* JFCoreAnimationViewController.m */,
			);
			path = CoreAnimation;
			sourceTree = "<group>";
		};
		17DFD9DA1E70F198003FE611 /* FontFamily */ = {
			isa = PBXGroup;
			children = (
				17DFD9DB1E70F1A3003FE611 /* JFFontViewController.h */,
				17DFD9DC1E70F1A3003FE611 /* JFFontViewController.m */,
			);
			path = FontFamily;
			sourceTree = "<group>";
		};
		17DFD9DE1E710427003FE611 /* Archive */ = {
			isa = PBXGroup;
			children = (
				17DFD9DF1E710432003FE611 /* JFArchiveViewController.h */,
				17DFD9E01E710432003FE611 /* JFArchiveViewController.m */,
				17DFD9E51E710633003FE611 /* JFArchiveSon.h */,
				17DFD9E61E710633003FE611 /* JFArchiveSon.m */,
				17DFD9E81E7106EF003FE611 /* JFArchiveFather.h */,
				17DFD9E91E7106EF003FE611 /* JFArchiveFather.m */,
			);
			path = Archive;
			sourceTree = "<group>";
		};
		17DFDA0F1E77F343003FE611 /* Pictures */ = {
			isa = PBXGroup;
			children = (
				17DFDA101E77F34C003FE611 /* qq.jpg */,
			);
			path = Pictures;
			sourceTree = "<group>";
		};
		2E7ACA662A52257823AF93D6 /* Pods */ = {
			isa = PBXGroup;
			children = (
				59D77987FC605555EB81FB43 /* Pods-test.debug.xcconfig */,
				8370AE36D28B23832B881E54 /* Pods-test.release.xcconfig */,
			);
			name = Pods;
			sourceTree = "<group>";
		};
		C261A5642A928ADFC971A640 /* Frameworks */ = {
			isa = PBXGroup;
			children = (
				E732AEDE8E04EF846BCD4795 /* libPods-test.a */,
			);
			name = Frameworks;
			sourceTree = "<group>";
		};
/* End PBXGroup section */

/* Begin PBXNativeTarget section */
		170F314C1CA44A44002A9A63 /* test */ = {
			isa = PBXNativeTarget;
			buildConfigurationList = 170F317A1CA44A44002A9A63 /* Build configuration list for PBXNativeTarget "test" */;
			buildPhases = (
				44572C19E4EB69E1E585AF9C /* [CP] Check Pods Manifest.lock */,
				170F31491CA44A44002A9A63 /* Sources */,
				170F314A1CA44A44002A9A63 /* Frameworks */,
				170F314B1CA44A44002A9A63 /* Resources */,
				7BBAFE8D00CB37533412C18E /* [CP] Embed Pods Frameworks */,
				24036029E08D75CE72896942 /* [CP] Copy Pods Resources */,
			);
			buildRules = (
			);
			dependencies = (
			);
			name = test;
			productName = test;
			productReference = 170F314D1CA44A44002A9A63 /* test.app */;
			productType = "com.apple.product-type.application";
		};
		170F31651CA44A44002A9A63 /* testTests */ = {
			isa = PBXNativeTarget;
			buildConfigurationList = 170F317D1CA44A44002A9A63 /* Build configuration list for PBXNativeTarget "testTests" */;
			buildPhases = (
				170F31621CA44A44002A9A63 /* Sources */,
				170F31631CA44A44002A9A63 /* Frameworks */,
				170F31641CA44A44002A9A63 /* Resources */,
			);
			buildRules = (
			);
			dependencies = (
				170F31681CA44A44002A9A63 /* PBXTargetDependency */,
			);
			name = testTests;
			productName = testTests;
			productReference = 170F31661CA44A44002A9A63 /* testTests.xctest */;
			productType = "com.apple.product-type.bundle.unit-test";
		};
		170F31701CA44A44002A9A63 /* testUITests */ = {
			isa = PBXNativeTarget;
			buildConfigurationList = 170F31801CA44A44002A9A63 /* Build configuration list for PBXNativeTarget "testUITests" */;
			buildPhases = (
				170F316D1CA44A44002A9A63 /* Sources */,
				170F316E1CA44A44002A9A63 /* Frameworks */,
				170F316F1CA44A44002A9A63 /* Resources */,
			);
			buildRules = (
			);
			dependencies = (
				170F31731CA44A44002A9A63 /* PBXTargetDependency */,
			);
			name = testUITests;
			productName = testUITests;
			productReference = 170F31711CA44A44002A9A63 /* testUITests.xctest */;
			productType = "com.apple.product-type.bundle.ui-testing";
		};
/* End PBXNativeTarget section */

/* Begin PBXProject section */
		170F31451CA44A44002A9A63 /* Project object */ = {
			isa = PBXProject;
			attributes = {
				CLASSPREFIX = JF;
				LastUpgradeCheck = 0820;
				ORGANIZATIONNAME = je_ffy;
				TargetAttributes = {
					170F314C1CA44A44002A9A63 = {
						CreatedOnToolsVersion = 7.3;
						DevelopmentTeam = JKV7V4656F;
					};
					170F31651CA44A44002A9A63 = {
						CreatedOnToolsVersion = 7.3;
						TestTargetID = 170F314C1CA44A44002A9A63;
					};
					170F31701CA44A44002A9A63 = {
						CreatedOnToolsVersion = 7.3;
						TestTargetID = 170F314C1CA44A44002A9A63;
					};
				};
			};
			buildConfigurationList = 170F31481CA44A44002A9A63 /* Build configuration list for PBXProject "test" */;
			compatibilityVersion = "Xcode 3.2";
			developmentRegion = English;
			hasScannedForEncodings = 0;
			knownRegions = (
				en,
				Base,
			);
			mainGroup = 170F31441CA44A44002A9A63;
			productRefGroup = 170F314E1CA44A44002A9A63 /* Products */;
			projectDirPath = "";
			projectRoot = "";
			targets = (
				170F314C1CA44A44002A9A63 /* test */,
				170F31651CA44A44002A9A63 /* testTests */,
				170F31701CA44A44002A9A63 /* testUITests */,
			);
		};
/* End PBXProject section */

/* Begin PBXResourcesBuildPhase section */
		170F314B1CA44A44002A9A63 /* Resources */ = {
			isa = PBXResourcesBuildPhase;
			buildActionMask = 2147483647;
			files = (
				170F31601CA44A44002A9A63 /* LaunchScreen.storyboard in Resources */,
				170F315D1CA44A44002A9A63 /* Assets.xcassets in Resources */,
				170F315B1CA44A44002A9A63 /* Main.storyboard in Resources */,
				17DFDA111E77F34C003FE611 /* qq.jpg in Resources */,
			);
			runOnlyForDeploymentPostprocessing = 0;
		};
		170F31641CA44A44002A9A63 /* Resources */ = {
			isa = PBXResourcesBuildPhase;
			buildActionMask = 2147483647;
			files = (
			);
			runOnlyForDeploymentPostprocessing = 0;
		};
		170F316F1CA44A44002A9A63 /* Resources */ = {
			isa = PBXResourcesBuildPhase;
			buildActionMask = 2147483647;
			files = (
			);
			runOnlyForDeploymentPostprocessing = 0;
		};
/* End PBXResourcesBuildPhase section */

/* Begin PBXShellScriptBuildPhase section */
		24036029E08D75CE72896942 /* [CP] Copy Pods Resources */ = {
			isa = PBXShellScriptBuildPhase;
			buildActionMask = 2147483647;
			files = (
			);
			inputPaths = (
			);
			name = "[CP] Copy Pods Resources";
			outputPaths = (
			);
			runOnlyForDeploymentPostprocessing = 0;
			shellPath = /bin/sh;
			shellScript = "\"${SRCROOT}/Pods/Target Support Files/Pods-test/Pods-test-resources.sh\"\n";
			showEnvVarsInLog = 0;
		};
		44572C19E4EB69E1E585AF9C /* [CP] Check Pods Manifest.lock */ = {
			isa = PBXShellScriptBuildPhase;
			buildActionMask = 2147483647;
			files = (
			);
			inputPaths = (
			);
			name = "[CP] Check Pods Manifest.lock";
			outputPaths = (
			);
			runOnlyForDeploymentPostprocessing = 0;
			shellPath = /bin/sh;
			shellScript = "diff \"${PODS_ROOT}/../Podfile.lock\" \"${PODS_ROOT}/Manifest.lock\" > /dev/null\nif [ $? != 0 ] ; then\n    # print error to STDERR\n    echo \"error: The sandbox is not in sync with the Podfile.lock. Run 'pod install' or update your CocoaPods installation.\" >&2\n    exit 1\nfi\n";
			showEnvVarsInLog = 0;
		};
		7BBAFE8D00CB37533412C18E /* [CP] Embed Pods Frameworks */ = {
			isa = PBXShellScriptBuildPhase;
			buildActionMask = 2147483647;
			files = (
			);
			inputPaths = (
			);
			name = "[CP] Embed Pods Frameworks";
			outputPaths = (
			);
			runOnlyForDeploymentPostprocessing = 0;
			shellPath = /bin/sh;
			shellScript = "\"${SRCROOT}/Pods/Target Support Files/Pods-test/Pods-test-frameworks.sh\"\n";
			showEnvVarsInLog = 0;
		};
/* End PBXShellScriptBuildPhase section */

/* Begin PBXSourcesBuildPhase section */
		170F31491CA44A44002A9A63 /* Sources */ = {
			isa = PBXSourcesBuildPhase;
			buildActionMask = 2147483647;
			files = (
				17A544E81E68059200995CF2 /* UILabel+Common.m in Sources */,
				17DFDA0E1E77F16E003FE611 /* UIView+JFCorner.m in Sources */,
				17A544E41E67FEFE00995CF2 /* UIView+BlockGesture.m in Sources */,
				170F31581CA44A44002A9A63 /* ViewController.m in Sources */,
				17A5450E1E68072600995CF2 /* SPTextField.m in Sources */,
				17C4136B1DB782F000188556 /* TADotView.m in Sources */,
				17A544F61E68065A00995CF2 /* UIColor+HEX.m in Sources */,
				178361691E7FC33200CF5BDF /* JFCABaseAnimationViewController.m in Sources */,
				17C413691DB782F000188556 /* TAAbstractDotView.m in Sources */,
				17A544DB1E67FE6600995CF2 /* UIColor+Extension.m in Sources */,
				178361651E7F84C000CF5BDF /* JFExchangeBoundButton.m in Sources */,
				17DFDA171E77FABA003FE611 /* JFCornerView.m in Sources */,
				17C4136E1DB782F000188556 /* SDCycleScrollView.m in Sources */,
				17DFD9E11E710432003FE611 /* JFArchiveViewController.m in Sources */,
				17A544E51E67FEFE00995CF2 /* UIView+LayoutMethods.m in Sources */,
				17A544FD1E6806BA00995CF2 /* UIButton+Common.m in Sources */,
				17A545191E68075500995CF2 /* UIImage+SPScale.m in Sources */,
				17A545011E6806C300995CF2 /* NSDate+Time.m in Sources */,
				17DFD9E71E710633003FE611 /* JFArchiveSon.m in Sources */,
				17A545141E68074400995CF2 /* UIColor+SPHex.m in Sources */,
				178846911CA7EBC200FED0BA /* JFTableViewController.m in Sources */,
				178846941CA7EC0500FED0BA /* JFTableViewCell.m in Sources */,
				17A545111E68073A00995CF2 /* UIButton+SPBadge.m in Sources */,
				17A544F01E6805DB00995CF2 /* UIImageView+Barcode.m in Sources */,
				17DFD9DD1E70F1A3003FE611 /* JFFontViewController.m in Sources */,
				17DFD9D21E6E53FD003FE611 /* JFNavigationViewController.m in Sources */,
				17A544D81E67FE4C00995CF2 /* NSString+Extension.m in Sources */,
				17A5451A1E68075500995CF2 /* UIImage+Url.m in Sources */,
				17A544E31E67FEFE00995CF2 /* UIView+AEBHandyAutoLayout.m in Sources */,
				17DFDA141E77F3D1003FE611 /* UIImage+JFCorner.m in Sources */,
				17A544EC1E6805B000995CF2 /* UITableView+CellLine.m in Sources */,
				17C4136F1DB782F000188556 /* UIView+SDExtension.m in Sources */,
				17C4136C1DB782F000188556 /* TAPageControl.m in Sources */,
				173425341D4604BB00EE035D /* JFCycleView.m in Sources */,
				17DFD9D91E700221003FE611 /* JFCoreAnimationViewController.m in Sources */,
				17A5454E1E69677D00995CF2 /* JFReactiveCocoaViewController.m in Sources */,
				173425371D4608E100EE035D /* JFMainViewController.m in Sources */,
				17C4136D1DB782F000188556 /* SDCollectionViewCell.m in Sources */,
				17C413721DB783D900188556 /* JFSDCycleViewController.m in Sources */,
				170C34301D6D972E00987817 /* JFMineviewController.m in Sources */,
				17A544F31E6805F900995CF2 /* UIImage+Common.m in Sources */,
				17DFD9EA1E7106EF003FE611 /* JFArchiveFather.m in Sources */,
				170F31551CA44A44002A9A63 /* AppDelegate.m in Sources */,
				170F31521CA44A44002A9A63 /* main.m in Sources */,
				17C4136A1DB782F000188556 /* TAAnimatedDotView.m in Sources */,
				17DFD9CE1E6E5313003FE611 /* JFRounderCornerViewController.m in Sources */,
				17A544FE1E6806BA00995CF2 /* UIButton+countDown.m in Sources */,
				17A545041E6806E900995CF2 /* UILabel+SPUtils.m in Sources */,
				17DFD9D51E6E5B0B003FE611 /* JFTabBarViewController.m in Sources */,
				1783616E1E7FC87000CF5BDF /* JFCAKeyframeAnimationViewController.m in Sources */,
			);
			runOnlyForDeploymentPostprocessing = 0;
		};
		170F31621CA44A44002A9A63 /* Sources */ = {
			isa = PBXSourcesBuildPhase;
			buildActionMask = 2147483647;
			files = (
				170F316B1CA44A44002A9A63 /* testTests.m in Sources */,
			);
			runOnlyForDeploymentPostprocessing = 0;
		};
		170F316D1CA44A44002A9A63 /* Sources */ = {
			isa = PBXSourcesBuildPhase;
			buildActionMask = 2147483647;
			files = (
				170F31761CA44A44002A9A63 /* testUITests.m in Sources */,
			);
			runOnlyForDeploymentPostprocessing = 0;
		};
/* End PBXSourcesBuildPhase section */

/* Begin PBXTargetDependency section */
		170F31681CA44A44002A9A63 /* PBXTargetDependency */ = {
			isa = PBXTargetDependency;
			target = 170F314C1CA44A44002A9A63 /* test */;
			targetProxy = 170F31671CA44A44002A9A63 /* PBXContainerItemProxy */;
		};
		170F31731CA44A44002A9A63 /* PBXTargetDependency */ = {
			isa = PBXTargetDependency;
			target = 170F314C1CA44A44002A9A63 /* test */;
			targetProxy = 170F31721CA44A44002A9A63 /* PBXContainerItemProxy */;
		};
/* End PBXTargetDependency section */

/* Begin PBXVariantGroup section */
		170F31591CA44A44002A9A63 /* Main.storyboard */ = {
			isa = PBXVariantGroup;
			children = (
				170F315A1CA44A44002A9A63 /* Base */,
			);
			name = Main.storyboard;
			sourceTree = "<group>";
		};
		170F315E1CA44A44002A9A63 /* LaunchScreen.storyboard */ = {
			isa = PBXVariantGroup;
			children = (
				170F315F1CA44A44002A9A63 /* Base */,
			);
			name = LaunchScreen.storyboard;
			sourceTree = "<group>";
		};
/* End PBXVariantGroup section */

/* Begin XCBuildConfiguration section */
		170F31781CA44A44002A9A63 /* Debug */ = {
			isa = XCBuildConfiguration;
			buildSettings = {
				ALWAYS_SEARCH_USER_PATHS = NO;
				CLANG_ANALYZER_NONNULL = YES;
				CLANG_CXX_LANGUAGE_STANDARD = "gnu++0x";
				CLANG_CXX_LIBRARY = "libc++";
				CLANG_ENABLE_MODULES = YES;
				CLANG_ENABLE_OBJC_ARC = YES;
				CLANG_WARN_BOOL_CONVERSION = YES;
				CLANG_WARN_CONSTANT_CONVERSION = YES;
				CLANG_WARN_DIRECT_OBJC_ISA_USAGE = YES_ERROR;
				CLANG_WARN_EMPTY_BODY = YES;
				CLANG_WARN_ENUM_CONVERSION = YES;
				CLANG_WARN_INFINITE_RECURSION = YES;
				CLANG_WARN_INT_CONVERSION = YES;
				CLANG_WARN_OBJC_ROOT_CLASS = YES_ERROR;
				CLANG_WARN_SUSPICIOUS_MOVE = YES;
				CLANG_WARN_UNREACHABLE_CODE = YES;
				CLANG_WARN__DUPLICATE_METHOD_MATCH = YES;
				"CODE_SIGN_IDENTITY[sdk=iphoneos*]" = "iPhone Developer";
				COPY_PHASE_STRIP = NO;
				DEBUG_INFORMATION_FORMAT = dwarf;
				ENABLE_STRICT_OBJC_MSGSEND = YES;
				ENABLE_TESTABILITY = YES;
				GCC_C_LANGUAGE_STANDARD = gnu99;
				GCC_DYNAMIC_NO_PIC = NO;
				GCC_NO_COMMON_BLOCKS = YES;
				GCC_OPTIMIZATION_LEVEL = 0;
				GCC_PREPROCESSOR_DEFINITIONS = (
					"DEBUG=1",
					"$(inherited)",
				);
				GCC_WARN_64_TO_32_BIT_CONVERSION = YES;
				GCC_WARN_ABOUT_RETURN_TYPE = YES_ERROR;
				GCC_WARN_UNDECLARED_SELECTOR = YES;
				GCC_WARN_UNINITIALIZED_AUTOS = YES_AGGRESSIVE;
				GCC_WARN_UNUSED_FUNCTION = YES;
				GCC_WARN_UNUSED_VARIABLE = YES;
				IPHONEOS_DEPLOYMENT_TARGET = 9.3;
				MTL_ENABLE_DEBUG_INFO = YES;
				ONLY_ACTIVE_ARCH = YES;
				SDKROOT = iphoneos;
				TARGETED_DEVICE_FAMILY = "1,2";
			};
			name = Debug;
		};
		170F31791CA44A44002A9A63 /* Release */ = {
			isa = XCBuildConfiguration;
			buildSettings = {
				ALWAYS_SEARCH_USER_PATHS = NO;
				CLANG_ANALYZER_NONNULL = YES;
				CLANG_CXX_LANGUAGE_STANDARD = "gnu++0x";
				CLANG_CXX_LIBRARY = "libc++";
				CLANG_ENABLE_MODULES = YES;
				CLANG_ENABLE_OBJC_ARC = YES;
				CLANG_WARN_BOOL_CONVERSION = YES;
				CLANG_WARN_CONSTANT_CONVERSION = YES;
				CLANG_WARN_DIRECT_OBJC_ISA_USAGE = YES_ERROR;
				CLANG_WARN_EMPTY_BODY = YES;
				CLANG_WARN_ENUM_CONVERSION = YES;
				CLANG_WARN_INFINITE_RECURSION = YES;
				CLANG_WARN_INT_CONVERSION = YES;
				CLANG_WARN_OBJC_ROOT_CLASS = YES_ERROR;
				CLANG_WARN_SUSPICIOUS_MOVE = YES;
				CLANG_WARN_UNREACHABLE_CODE = YES;
				CLANG_WARN__DUPLICATE_METHOD_MATCH = YES;
				"CODE_SIGN_IDENTITY[sdk=iphoneos*]" = "iPhone Developer";
				COPY_PHASE_STRIP = NO;
				DEBUG_INFORMATION_FORMAT = "dwarf-with-dsym";
				ENABLE_NS_ASSERTIONS = NO;
				ENABLE_STRICT_OBJC_MSGSEND = YES;
				GCC_C_LANGUAGE_STANDARD = gnu99;
				GCC_NO_COMMON_BLOCKS = YES;
				GCC_WARN_64_TO_32_BIT_CONVERSION = YES;
				GCC_WARN_ABOUT_RETURN_TYPE = YES_ERROR;
				GCC_WARN_UNDECLARED_SELECTOR = YES;
				GCC_WARN_UNINITIALIZED_AUTOS = YES_AGGRESSIVE;
				GCC_WARN_UNUSED_FUNCTION = YES;
				GCC_WARN_UNUSED_VARIABLE = YES;
				IPHONEOS_DEPLOYMENT_TARGET = 9.3;
				MTL_ENABLE_DEBUG_INFO = NO;
				SDKROOT = iphoneos;
				TARGETED_DEVICE_FAMILY = "1,2";
				VALIDATE_PRODUCT = YES;
			};
			name = Release;
		};
		170F317B1CA44A44002A9A63 /* Debug */ = {
			isa = XCBuildConfiguration;
			baseConfigurationReference = 59D77987FC605555EB81FB43 /* Pods-test.debug.xcconfig */;
			buildSettings = {
				ASSETCATALOG_COMPILER_APPICON_NAME = AppIcon;
				CODE_SIGN_IDENTITY = "iPhone Developer";
				"CODE_SIGN_IDENTITY[sdk=iphoneos*]" = "iPhone Developer";
				DEVELOPMENT_TEAM = JKV7V4656F;
				GCC_PRECOMPILE_PREFIX_HEADER = YES;
				GCC_PREFIX_HEADER = "$(SRCROOT)/test/PrefixHeader.pch";
				INFOPLIST_FILE = test/Info.plist;
				IPHONEOS_DEPLOYMENT_TARGET = 8.0;
				LD_RUNPATH_SEARCH_PATHS = "$(inherited) @executable_path/Frameworks";
				PRODUCT_BUNDLE_IDENTIFIER = gujiguji.com.test;
				PRODUCT_NAME = "$(TARGET_NAME)";
				PROVISIONING_PROFILE = "";
			};
			name = Debug;
		};
		170F317C1CA44A44002A9A63 /* Release */ = {
			isa = XCBuildConfiguration;
			baseConfigurationReference = 8370AE36D28B23832B881E54 /* Pods-test.release.xcconfig */;
			buildSettings = {
				ASSETCATALOG_COMPILER_APPICON_NAME = AppIcon;
				CODE_SIGN_IDENTITY = "iPhone Developer";
				"CODE_SIGN_IDENTITY[sdk=iphoneos*]" = "iPhone Developer";
				DEVELOPMENT_TEAM = JKV7V4656F;
				GCC_PRECOMPILE_PREFIX_HEADER = YES;
				GCC_PREFIX_HEADER = "$(SRCROOT)/test/PrefixHeader.pch";
				INFOPLIST_FILE = test/Info.plist;
				IPHONEOS_DEPLOYMENT_TARGET = 8.0;
				LD_RUNPATH_SEARCH_PATHS = "$(inherited) @executable_path/Frameworks";
				PRODUCT_BUNDLE_IDENTIFIER = gujiguji.com.test;
				PRODUCT_NAME = "$(TARGET_NAME)";
				PROVISIONING_PROFILE = "";
			};
			name = Release;
		};
		170F317E1CA44A44002A9A63 /* Debug */ = {
			isa = XCBuildConfiguration;
			buildSettings = {
				BUNDLE_LOADER = "$(TEST_HOST)";
				INFOPLIST_FILE = testTests/Info.plist;
				LD_RUNPATH_SEARCH_PATHS = "$(inherited) @executable_path/Frameworks @loader_path/Frameworks";
				PRODUCT_BUNDLE_IDENTIFIER = gujiguji.com.testTests;
				PRODUCT_NAME = "$(TARGET_NAME)";
				TEST_HOST = "$(BUILT_PRODUCTS_DIR)/test.app/test";
			};
			name = Debug;
		};
		170F317F1CA44A44002A9A63 /* Release */ = {
			isa = XCBuildConfiguration;
			buildSettings = {
				BUNDLE_LOADER = "$(TEST_HOST)";
				INFOPLIST_FILE = testTests/Info.plist;
				LD_RUNPATH_SEARCH_PATHS = "$(inherited) @executable_path/Frameworks @loader_path/Frameworks";
				PRODUCT_BUNDLE_IDENTIFIER = gujiguji.com.testTests;
				PRODUCT_NAME = "$(TARGET_NAME)";
				TEST_HOST = "$(BUILT_PRODUCTS_DIR)/test.app/test";
			};
			name = Release;
		};
		170F31811CA44A44002A9A63 /* Debug */ = {
			isa = XCBuildConfiguration;
			buildSettings = {
				INFOPLIST_FILE = testUITests/Info.plist;
				LD_RUNPATH_SEARCH_PATHS = "$(inherited) @executable_path/Frameworks @loader_path/Frameworks";
				PRODUCT_BUNDLE_IDENTIFIER = gujiguji.com.testUITests;
				PRODUCT_NAME = "$(TARGET_NAME)";
				TEST_TARGET_NAME = test;
			};
			name = Debug;
		};
		170F31821CA44A44002A9A63 /* Release */ = {
			isa = XCBuildConfiguration;
			buildSettings = {
				INFOPLIST_FILE = testUITests/Info.plist;
				LD_RUNPATH_SEARCH_PATHS = "$(inherited) @executable_path/Frameworks @loader_path/Frameworks";
				PRODUCT_BUNDLE_IDENTIFIER = gujiguji.com.testUITests;
				PRODUCT_NAME = "$(TARGET_NAME)";
				TEST_TARGET_NAME = test;
			};
			name = Release;
		};
/* End XCBuildConfiguration section */

/* Begin XCConfigurationList section */
		170F31481CA44A44002A9A63 /* Build configuration list for PBXProject "test" */ = {
			isa = XCConfigurationList;
			buildConfigurations = (
				170F31781CA44A44002A9A63 /* Debug */,
				170F31791CA44A44002A9A63 /* Release */,
			);
			defaultConfigurationIsVisible = 0;
			defaultConfigurationName = Release;
		};
		170F317A1CA44A44002A9A63 /* Build configuration list for PBXNativeTarget "test" */ = {
			isa = XCConfigurationList;
			buildConfigurations = (
				170F317B1CA44A44002A9A63 /* Debug */,
				170F317C1CA44A44002A9A63 /* Release */,
			);
			defaultConfigurationIsVisible = 0;
			defaultConfigurationName = Release;
		};
		170F317D1CA44A44002A9A63 /* Build configuration list for PBXNativeTarget "testTests" */ = {
			isa = XCConfigurationList;
			buildConfigurations = (
				170F317E1CA44A44002A9A63 /* Debug */,
				170F317F1CA44A44002A9A63 /* Release */,
			);
			defaultConfigurationIsVisible = 0;
			defaultConfigurationName = Release;
		};
		170F31801CA44A44002A9A63 /* Build configuration list for PBXNativeTarget "testUITests" */ = {
			isa = XCConfigurationList;
			buildConfigurations = (
				170F31811CA44A44002A9A63 /* Debug */,
				170F31821CA44A44002A9A63 /* Release */,
			);
			defaultConfigurationIsVisible = 0;
			defaultConfigurationName = Release;
		};
/* End XCConfigurationList section */
	};
	rootObject = 170F31451CA44A44002A9A63 /* Project object */;
}
